
Microsoft Visual Studio Solution File, Format Version 12.00
# Visual Studio Version 17
VisualStudioVersion = 17.9.34723.18
MinimumVisualStudioVersion = 10.0.40219.1
Project("{9A19103F-16F7-4668-BE54-9A1E7A4F7556}") = "PetManagementSystem", "PetManagementSystem\PetManagementSystem.csproj", "{5853B782-EE5A-432B-AD2C-F29E88231C5B}"
EndProject
Project("{FAE04EC0-301F-11D3-BF4B-00C04F79EFBC}") = "UnitTestProject2", "UnitTestProject2\UnitTestProject2.csproj", "{33A1FF77-EA87-4B29-9054-A1608BD615DC}"
EndProject
Project("{FAE04EC0-301F-11D3-BF4B-00C04F79EFBC}") = "Logitestcase", "Logitestcase\Logitestcase.csproj", "{989121A7-FCC4-47B7-97B3-576D35A928BD}"
EndProject
Project("{FAE04EC0-301F-11D3-BF4B-00C04F79EFBC}") = "Registration_petownertestcases", "Registration_petownertestcases\Registration_petownertestcases.csproj", "{84284C9E-A188-44F6-B5CA-F5A29306EA39}"
EndProject
Project("{FAE04EC0-301F-11D3-BF4B-00C04F79EFBC}") = "Appointment_book_testcase", "Appointment_book_testcase\Appointment_book_testcase.csproj", "{E3ACF2FE-0885-413C-9C57-2699F4998291}"
EndProject
Global
	GlobalSection(SolutionConfigurationPlatforms) = preSolution
		Debug|Any CPU = Debug|Any CPU
		Release|Any CPU = Release|Any CPU
	EndGlobalSection
	GlobalSection(ProjectConfigurationPlatforms) = postSolution
		{5853B782-EE5A-432B-AD2C-F29E88231C5B}.Debug|Any CPU.ActiveCfg = Debug|Any CPU
		{5853B782-EE5A-432B-AD2C-F29E88231C5B}.Debug|Any CPU.Build.0 = Debug|Any CPU
		{5853B782-EE5A-432B-AD2C-F29E88231C5B}.Release|Any CPU.ActiveCfg = Release|Any CPU
		{5853B782-EE5A-432B-AD2C-F29E88231C5B}.Release|Any CPU.Build.0 = Release|Any CPU
		{33A1FF77-EA87-4B29-9054-A1608BD615DC}.Debug|Any CPU.ActiveCfg = Debug|Any CPU
		{33A1FF77-EA87-4B29-9054-A1608BD615DC}.Debug|Any CPU.Build.0 = Debug|Any CPU
		{33A1FF77-EA87-4B29-9054-A1608BD615DC}.Release|Any CPU.ActiveCfg = Release|Any CPU
		{33A1FF77-EA87-4B29-9054-A1608BD615DC}.Release|Any CPU.Build.0 = Release|Any CPU
		{989121A7-FCC4-47B7-97B3-576D35A928BD}.Debug|Any CPU.ActiveCfg = Debug|Any CPU
		{989121A7-FCC4-47B7-97B3-576D35A928BD}.Debug|Any CPU.Build.0 = Debug|Any CPU
		{989121A7-FCC4-47B7-97B3-576D35A928BD}.Release|Any CPU.ActiveCfg = Release|Any CPU
		{989121A7-FCC4-47B7-97B3-576D35A928BD}.Release|Any CPU.Build.0 = Release|Any CPU
		{84284C9E-A188-44F6-B5CA-F5A29306EA39}.Debug|Any CPU.ActiveCfg = Debug|Any CPU
		{84284C9E-A188-44F6-B5CA-F5A29306EA39}.Debug|Any CPU.Build.0 = Debug|Any CPU
		{84284C9E-A188-44F6-B5CA-F5A29306EA39}.Release|Any CPU.ActiveCfg = Release|Any CPU
		{84284C9E-A188-44F6-B5CA-F5A29306EA39}.Release|Any CPU.Build.0 = Release|Any CPU
		{E3ACF2FE-0885-413C-9C57-2699F4998291}.Debug|Any CPU.ActiveCfg = Debug|Any CPU
		{E3ACF2FE-0885-413C-9C57-2699F4998291}.Debug|Any CPU.Build.0 = Debug|Any CPU
		{E3ACF2FE-0885-413C-9C57-2699F4998291}.Release|Any CPU.ActiveCfg = Release|Any CPU
		{E3ACF2FE-0885-413C-9C57-2699F4998291}.Release|Any CPU.Build.0 = Release|Any CPU
	EndGlobalSection
	GlobalSection(SolutionProperties) = preSolution
		HideSolutionNode = FALSE
	EndGlobalSection
	GlobalSection(ExtensibilityGlobals) = postSolution
		SolutionGuid = {A1636829-716E-4482-B526-368BF4EB9BFD}
	EndGlobalSection
EndGlobal
